
Microsoft Visual Studio Solution File, Format Version 12.00
# Visual Studio Version 16
VisualStudioVersion = 16.0.30330.147
MinimumVisualStudioVersion = 10.0.40219.1
Project("{FAE04EC0-301F-11D3-BF4B-00C04F79EFBC}") = "Sumar", "Sumar\Sumar.csproj", "{0F3CF52B-05D6-463C-AACA-D57F222FAEE0}"
EndProject
Global
	GlobalSection(SolutionConfigurationPlatforms) = preSolution
		Debug|Any CPU = Debug|Any CPU
		Release|Any CPU = Release|Any CPU
	EndGlobalSection
	GlobalSection(ProjectConfigurationPlatforms) = postSolution
		{0F3CF52B-05D6-463C-AACA-D57F222FAEE0}.Debug|Any CPU.ActiveCfg = Debug|Any CPU
		{0F3CF52B-05D6-463C-AACA-D57F222FAEE0}.Debug|Any CPU.Build.0 = Debug|Any CPU
		{0F3CF52B-05D6-463C-AACA-D57F222FAEE0}.Release|Any CPU.ActiveCfg = Release|Any CPU
		{0F3CF52B-05D6-463C-AACA-D57F222FAEE0}.Release|Any CPU.Build.0 = Release|Any CPU
	EndGlobalSection
	GlobalSection(SolutionProperties) = preSolution
		HideSolutionNode = FALSE
	EndGlobalSection
	GlobalSection(ExtensibilityGlobals) = postSolution
		SolutionGuid = {261AF616-55A7-4FC8-B247-08196B2C1730}
	EndGlobalSection
EndGlobal
